GIT
  remote: http://192.168.23.1/mirror/github.com/SUSE-Cloud/cookbook-apache2.git
  ref: master
  sha: f0d7b5d2878d315507ac72fb51a31d41d9aa68f7
  specs:
    apache2 (1.6.0)

GIT
  remote: http://192.168.23.1/mirror/github.com/edelight/chef-solo-search.git
  ref: master
  sha: 681f78a108f5f8a3655551b32d9939603628c568
  specs:
    chef-solo-search (0.5.1)

GIT
  remote: http://192.168.23.1/mirror/github.com/mvidner/cookbook-openstack-network.git
  ref: chef-solo
  sha: fd2118fc95db047d260ccda4d4d47aa446f60298
  specs:
    openstack-network (7.0.3)
      mysql (>= 0.0.0)
      openstack-common (~> 0.4.0)
      openstack-identity (~> 7.0)
      postgresql (>= 0.0.0)

GIT
  remote: http://192.168.23.1/mirror/github.com/mvidner/cookbook-postgresql.git
  ref: rubygem-pg
  sha: 42c7f8da3c4d4ba45a04fb9d79c482060218ab4b
  specs:
    postgresql (3.0.3)
      apt (>= 0.0.0)
      build-essential (>= 0.0.0)
      openssl (>= 0.0.0)

GIT
  remote: http://192.168.23.1/mirror/github.com/opscode-cookbooks/rabbitmq.git
  ref: master
  sha: c1661f584277049421e265282097acc11b39acbd
  specs:
    rabbitmq (2.3.3)
      erlang (>= 0.9)

GIT
  remote: http://192.168.23.1/mirror/github.com/stackforge/cookbook-openstack-block-storage.git
  ref: master
  sha: 73bfaccfee67e6c569bc71a6a52537934634c829
  specs:
    openstack-block-storage (7.0.5)
      apt (>= 0.0.0)
      openstack-common (~> 0.4.0)
      openstack-identity (~> 7.0.0)
      openstack-image (~> 7.0.0)
      python (>= 0.0.0)
      selinux (>= 0.0.0)

GIT
  remote: http://192.168.23.1/mirror/github.com/stackforge/cookbook-openstack-common.git
  ref: master
  sha: 162b49795762d70dd3c4af9271faa3a14a2a2800
  specs:
    openstack-common (0.4.4)
      apt (>= 0.0.0)
      database (>= 0.0.0)

GIT
  remote: http://192.168.23.1/mirror/github.com/stackforge/cookbook-openstack-compute.git
  ref: b03944170afa253c216d0306750ac3ec136e3698
  sha: b03944170afa253c216d0306750ac3ec136e3698
  specs:
    openstack-compute (7.0.0)
      openstack-common (~> 0.4.0)
      openstack-identity (~> 7.0.0)
      openstack-image (~> 7.0.0)
      openstack-network (~> 7.0.0)
      python (>= 0.0.0)
      selinux (>= 0.0.0)
      sysctl (>= 0.0.0)
      yum (>= 0.0.0)

GIT
  remote: http://192.168.23.1/mirror/github.com/stackforge/cookbook-openstack-dashboard.git
  ref: master
  sha: 814fcd913dd476ac1362496811a8f156437295eb
  specs:
    openstack-dashboard (7.0.0)
      apache2 (>= 0.0.0)
      openstack-common (~> 0.4.0)

GIT
  remote: http://192.168.23.1/mirror/github.com/stackforge/cookbook-openstack-identity.git
  ref: master
  sha: c9a37bca9a272281a4df9f4b44a44d4f255f818d
  specs:
    openstack-identity (7.0.0)
      openstack-common (~> 0.4.0)

GIT
  remote: http://192.168.23.1/mirror/github.com/stackforge/cookbook-openstack-image.git
  ref: master
  sha: 5715bc574669a5562dfbf754bf015bc0151c42f4
  specs:
    openstack-image (7.0.1)
      openstack-common (~> 0.4.0)
      openstack-identity (~> 7.0.0)

GIT
  remote: http://192.168.23.1/mirror/github.com/stackforge/cookbook-openstack-metering.git
  ref: master
  sha: 6ba0451ca2c66562fe6c40db053312c05ef03b15
  specs:
    openstack-metering (7.0.4)
      openstack-common (~> 0.4.0)
      openstack-identity (~> 7.0.0)

GIT
  remote: http://192.168.23.1/mirror/github.com/stackforge/cookbook-openstack-ops-database.git
  ref: master
  sha: 95b18479e3929910c7636bf0a6986899928414b3
  specs:
    openstack-ops-database (7.0.0)
      database (>= 1.4)
      mysql (>= 3.0.0)
      openstack-block-storage (>= 0.0.0)
      openstack-common (~> 0.4.0)
      openstack-compute (>= 0.0.0)
      openstack-dashboard (>= 0.0.0)
      openstack-identity (>= 0.0.0)
      openstack-image (>= 0.0.0)
      openstack-metering (>= 0.0.0)
      openstack-network (>= 0.0.0)
      postgresql (>= 3.0.0)

GIT
  remote: http://192.168.23.1/mirror/github.com/stackforge/cookbook-openstack-ops-messaging.git
  ref: master
  sha: d57a3c64e09cd5e5ce7bcbf0cb84c9bbf67cab9a
  specs:
    openstack-ops-messaging (7.0.0)
      openstack-common (~> 0.4.0)
      rabbitmq (>= 2.1.0)

PATH
  remote: vendor/cookbooks/apt
  specs:
    apt (2.3.0)

PATH
  remote: vendor/cookbooks/aws
  specs:
    aws (1.0.0)

PATH
  remote: vendor/cookbooks/build-essential
  specs:
    build-essential (1.4.2)

PATH
  remote: vendor/cookbooks/database
  specs:
    database (1.5.2)
      aws (>= 0.0.0)
      mysql (>= 1.3.0)
      postgresql (>= 1.0.0)
      xfs (>= 0.0.0)

PATH
  remote: vendor/cookbooks/erlang
  specs:
    erlang (1.3.2)
      apt (>= 1.7.0)
      build-essential (>= 0.0.0)
      yum (>= 0.5.0)

PATH
  remote: vendor/cookbooks/memcached
  specs:
    memcached (1.6.2)
      runit (~> 1.0)
      yum (>= 0.0.0)

PATH
  remote: vendor/cookbooks/mysql
  specs:
    mysql (3.0.12)
      build-essential (~> 1.4)
      openssl (~> 1.1)

PATH
  remote: vendor/cookbooks/openssl
  specs:
    openssl (1.1.0)

PATH
  remote: vendor/cookbooks/python
  specs:
    python (1.4.0)
      build-essential (>= 0.0.0)
      yum (>= 0.0.0)

PATH
  remote: vendor/cookbooks/runit
  specs:
    runit (1.3.0)
      build-essential (>= 0.0.0)
      yum (>= 0.0.0)

PATH
  remote: vendor/cookbooks/selinux
  specs:
    selinux (0.6.2)

PATH
  remote: vendor/cookbooks/sysctl
  specs:
    sysctl (0.3.3)

PATH
  remote: vendor/cookbooks/xfs
  specs:
    xfs (1.1.0)

PATH
  remote: vendor/cookbooks/yum
  specs:
    yum (2.4.0)

DEPENDENCIES
  apache2 (>= 0)
  apt (>= 0)
  aws (>= 0)
  build-essential (>= 0)
  chef-solo-search (>= 0)
  database (>= 0)
  erlang (>= 0)
  memcached (>= 0)
  mysql (>= 0)
  openssl (>= 0)
  openstack-block-storage (>= 0)
  openstack-common (>= 0)
  openstack-compute (>= 0)
  openstack-dashboard (>= 0)
  openstack-identity (>= 0)
  openstack-image (>= 0)
  openstack-metering (>= 0)
  openstack-network (>= 0)
  openstack-ops-database (>= 0)
  openstack-ops-messaging (>= 0)
  postgresql (>= 0)
  python (>= 0)
  rabbitmq (>= 0)
  runit (>= 0)
  selinux (>= 0)
  sysctl (>= 0)
  xfs (>= 0)
  yum (>= 0)

